# This file is automatically @generated by Cargo.
# It is not intended for manual editing.
version = 3

[[package]]
name = "matches"
version = "0.1.9"
source = "registry+https://github.com/rust-lang/crates.io-index"
checksum = "a3e378b66a060d48947b590737b30a1be76706c8dd7b8ba0f2fe3989c68a853f"

[[package]]
name = "rustc-serialize"
version = "0.3.24"
source = "registry+https://github.com/rust-lang/crates.io-index"
checksum = "dcf128d1287d2ea9d80910b5f1120d0b8eede3fbf1abe91c40d39ea7d51e6fda"

[[package]]
name = "url"
version = "0.2.34"
source = "git+https://github.com/servo/rust-url?rev=bfa167b4e0253642b6766a7aa74a99df60a94048#bfa167b4e0253642b6766a7aa74a99df60a94048"
dependencies = [
 "matches",
 "rustc-serialize",
]

[[package]]
name = "ziggy"
version = "0.1.0"

[[package]]
name = "ziggy-example"
version = "0.1.0"
dependencies = [
 "url",
 "ziggy",
]
